{
  "nodes": {
    "home-manager": {
      "inputs": {
        "nixpkgs": [
          "nixpkgs"
        ]
      },
      "locked": {
        "lastModified": 1718526747,
        "narHash": "sha256-sKrD/utGvmtQALvuDj4j0CT3AJXP1idOAq2p+27TpeE=",
        "owner": "nix-community",
        "repo": "home-manager",
        "rev": "0a7ffb28e5df5844d0e8039c9833d7075cdee792",
        "type": "github"
      },
      "original": {
        "owner": "nix-community",
        "repo": "home-manager",
        "type": "github"
      }
    },
    "kolide-launcher": {
      "inputs": {
        "nixpkgs": [
          "nixpkgs"
        ]
      },
      "locked": {
        "lastModified": 1718201372,
        "narHash": "sha256-4MmbTIkSRtlVq5dWa6+V0pwJ0aE2xfQ3WF25gbtmvqY=",
        "owner": "kolide",
        "repo": "nix-agent",
        "rev": "ff6ba824dee45ddac88ed22375c0844bbe021729",
        "type": "github"
      },
      "original": {
        "owner": "kolide",
        "ref": "main",
        "repo": "nix-agent",
        "type": "github"
      }
    },
    "nixpkgs": {
      "locked": {
        "lastModified": 1718530797,
        "narHash": "sha256-pup6cYwtgvzDpvpSCFh1TEUjw2zkNpk8iolbKnyFmmU=",
        "owner": "nixos",
        "repo": "nixpkgs",
        "rev": "b60ebf54c15553b393d144357375ea956f89e9a9",
        "type": "github"
      },
      "original": {
        "owner": "nixos",
        "ref": "nixos-unstable",
        "repo": "nixpkgs",
        "type": "github"
      }
    },
    "nixpkgs-fzf": {
      "locked": {
        "lastModified": 1696577711,
        "narHash": "sha256-94VRjvClIKDym1QRqPkX5LTQoAwZ1E6QE/3dWtOXSIQ=",
        "owner": "nixos",
        "repo": "nixpkgs",
        "rev": "a2eb207f45e4a14a1e3019d9e3863d1e208e2295",
        "type": "github"
      },
      "original": {
        "owner": "nixos",
        "repo": "nixpkgs",
        "rev": "a2eb207f45e4a14a1e3019d9e3863d1e208e2295",
        "type": "github"
      }
    },
    "root": {
      "inputs": {
        "home-manager": "home-manager",
        "kolide-launcher": "kolide-launcher",
        "nixpkgs": "nixpkgs",
        "nixpkgs-fzf": "nixpkgs-fzf"
      }
    }
  },
  "root": "root",
  "version": 7
}
